
Microsoft Visual Studio Solution File, Format Version 12.00
# Visual Studio Version 17
VisualStudioVersion = 17.3.32819.101
MinimumVisualStudioVersion = 10.0.40219.1
Project("{8BC9CEB8-8B4A-11D0-8D11-00A0C91BC942}") = "ConsoleApplication5", "ConsoleApplication5\ConsoleApplication5.vcxproj", "{536B007F-3454-4B71-9361-9CA4728E65FB}"
EndProject
Global
	GlobalSection(SolutionConfigurationPlatforms) = preSolution
		Debug|x64 = Debug|x64
		Debug|x86 = Debug|x86
		Release|x64 = Release|x64
		Release|x86 = Release|x86
	EndGlobalSection
	GlobalSection(ProjectConfigurationPlatforms) = postSolution
		{536B007F-3454-4B71-9361-9CA4728E65FB}.Debug|x64.ActiveCfg = Debug|x64
		{536B007F-3454-4B71-9361-9CA4728E65FB}.Debug|x64.Build.0 = Debug|x64
		{536B007F-3454-4B71-9361-9CA4728E65FB}.Debug|x86.ActiveCfg = Debug|Win32
		{536B007F-3454-4B71-9361-9CA4728E65FB}.Debug|x86.Build.0 = Debug|Win32
		{536B007F-3454-4B71-9361-9CA4728E65FB}.Release|x64.ActiveCfg = Release|x64
		{536B007F-3454-4B71-9361-9CA4728E65FB}.Release|x64.Build.0 = Release|x64
		{536B007F-3454-4B71-9361-9CA4728E65FB}.Release|x86.ActiveCfg = Release|Win32
		{536B007F-3454-4B71-9361-9CA4728E65FB}.Release|x86.Build.0 = Release|Win32
	EndGlobalSection
	GlobalSection(SolutionProperties) = preSolution
		HideSolutionNode = FALSE
	EndGlobalSection
	GlobalSection(ExtensibilityGlobals) = postSolution
		SolutionGuid = {31A47C04-67D0-4468-8826-C72CA9184634}
	EndGlobalSection
EndGlobal
